
Microsoft Visual Studio Solution File, Format Version 12.00
# Visual Studio Version 17
VisualStudioVersion = 17.2.32616.157
MinimumVisualStudioVersion = 10.0.40219.1
Project("{FAE04EC0-301F-11D3-BF4B-00C04F79EFBC}") = "MHMM", "MHMM\MHMM.csproj", "{5402A9AA-3309-4E20-88B0-259591AB73FD}"
EndProject
Global
	GlobalSection(SolutionConfigurationPlatforms) = preSolution
		Debug|Any CPU = Debug|Any CPU
		Release|Any CPU = Release|Any CPU
	EndGlobalSection
	GlobalSection(ProjectConfigurationPlatforms) = postSolution
		{5402A9AA-3309-4E20-88B0-259591AB73FD}.Debug|Any CPU.ActiveCfg = Debug|Any CPU
		{5402A9AA-3309-4E20-88B0-259591AB73FD}.Debug|Any CPU.Build.0 = Debug|Any CPU
		{5402A9AA-3309-4E20-88B0-259591AB73FD}.Release|Any CPU.ActiveCfg = Release|Any CPU
		{5402A9AA-3309-4E20-88B0-259591AB73FD}.Release|Any CPU.Build.0 = Release|Any CPU
	EndGlobalSection
	GlobalSection(SolutionProperties) = preSolution
		HideSolutionNode = FALSE
	EndGlobalSection
	GlobalSection(ExtensibilityGlobals) = postSolution
		SolutionGuid = {4B8F0AB6-6D8A-4DEF-9EAF-B476EFB02B55}
	EndGlobalSection
EndGlobal
